{
  "name": "rotor",
  "version": "1.0.0",
  "lockfileVersion": 1,
  "requires": true,
  "dependencies": {
    "nouislider": {
      "version": "15.3.0",
      "resolved": "https://registry.npmjs.org/nouislider/-/nouislider-15.3.0.tgz",
      "integrity": "sha512-S41/27r15X0MiY8Gln65HuMq1ajEU/u4J1Kk29ttwvJG3W31HUoj/TexJOBTL44JFIpUjCrQGoZz1YKC+YLr6Q=="
    }
  }
}
